{
  "nodes": {
    "nixpkgs": {
      "locked": {
        "lastModified": 1709125262,
        "narHash": "sha256-ynor4sOjxLI3eCB95OSOlhLGZwsP43zl38Ugb4Jd43o=",
        "owner": "nixos",
        "repo": "nixpkgs",
        "rev": "15538a6cbc8e1142fb34e6430feddeed40e917f2",
        "type": "github"
      },
      "original": {
        "owner": "nixos",
        "repo": "nixpkgs",
        "type": "github"
      }
    },
    "root": {
      "inputs": {
        "nixpkgs": "nixpkgs"
      }
    }
  },
  "root": "root",
  "version": 7
}
